// !$*UTF8*$!
{
	archiveVersion = 1;
	classes = {
	};
	objectVersion = 46;
	objects = {

/* Begin PBXBuildFile section */
		4264A0C11B8A40E1008EBCD7 /* Utilities.swift in Sources */ = {isa = PBXBuildFile; fileRef = 4264A0C01B8A40E1008EBCD7 /* Utilities.swift */; };
		428F82201A9050000089515C /* AnagramClusterer.swift in Sources */ = {isa = PBXBuildFile; fileRef = 428F821F1A9050000089515C /* AnagramClusterer.swift */; };
		42CC66BC1A8FEC2D000B2A97 /* AppDelegate.swift in Sources */ = {isa = PBXBuildFile; fileRef = 42CC66BB1A8FEC2D000B2A97 /* AppDelegate.swift */; };
		42CC66BE1A8FEC2D000B2A97 /* Images.xcassets in Resources */ = {isa = PBXBuildFile; fileRef = 42CC66BD1A8FEC2D000B2A97 /* Images.xcassets */; };
		42CC66C11A8FEC2D000B2A97 /* MainMenu.xib in Resources */ = {isa = PBXBuildFile; fileRef = 42CC66BF1A8FEC2D000B2A97 /* MainMenu.xib */; };
		42CC66CD1A8FEC2D000B2A97 /* AnagramFinderTests.swift in Sources */ = {isa = PBXBuildFile; fileRef = 42CC66CC1A8FEC2D000B2A97 /* AnagramFinderTests.swift */; };
/* End PBXBuildFile section */

/* Begin PBXContainerItemProxy section */
		42CC66C71A8FEC2D000B2A97 /* PBXContainerItemProxy */ = {
			isa = PBXContainerItemProxy;
			containerPortal = 42CC66AE1A8FEC2D000B2A97 /* Project object */;
			proxyType = 1;
			remoteGlobalIDString = 42CC66B51A8FEC2D000B2A97;
			remoteInfo = AnagramFinder;
		};
/* End PBXContainerItemProxy section */

/* Begin PBXFileReference section */
		4264A0C01B8A40E1008EBCD7 /* Utilities.swift */ = {isa = PBXFileReference; fileEncoding = 4; lastKnownFileType = sourcecode.swift; path = Utilities.swift; sourceTree = "<group>"; };
		428F821F1A9050000089515C /* AnagramClusterer.swift */ = {isa = PBXFileReference; fileEncoding = 4; lastKnownFileType = sourcecode.swift; path = AnagramClusterer.swift; sourceTree = "<group>"; };
		42CC66B61A8FEC2D000B2A97 /* AnagramFinder.app */ = {isa = PBXFileReference; explicitFileType = wrapper.application; includeInIndex = 0; path = AnagramFinder.app; sourceTree = BUILT_PRODUCTS_DIR; };
		42CC66BA1A8FEC2D000B2A97 /* Info.plist */ = {isa = PBXFileReference; lastKnownFileType = text.plist.xml; path = Info.plist; sourceTree = "<group>"; };
		42CC66BB1A8FEC2D000B2A97 /* AppDelegate.swift */ = {isa = PBXFileReference; lastKnownFileType = sourcecode.swift; path = AppDelegate.swift; sourceTree = "<group>"; };
		42CC66BD1A8FEC2D000B2A97 /* Images.xcassets */ = {isa = PBXFileReference; lastKnownFileType = folder.assetcatalog; path = Images.xcassets; sourceTree = "<group>"; };
		42CC66C01A8FEC2D000B2A97 /* Base */ = {isa = PBXFileReference; lastKnownFileType = file.xib; name = Base; path = Base.lproj/MainMenu.xib; sourceTree = "<group>"; };
		42CC66C61A8FEC2D000B2A97 /* AnagramFinderTests.xctest */ = {isa = PBXFileReference; explicitFileType = wrapper.cfbundle; includeInIndex = 0; path = AnagramFinderTests.xctest; sourceTree = BUILT_PRODUCTS_DIR; };
		42CC66CB1A8FEC2D000B2A97 /* Info.plist */ = {isa = PBXFileReference; lastKnownFileType = text.plist.xml; path = Info.plist; sourceTree = "<group>"; };
		42CC66CC1A8FEC2D000B2A97 /* AnagramFinderTests.swift */ = {isa = PBXFileReference; lastKnownFileType = sourcecode.swift; path = AnagramFinderTests.swift; sourceTree = "<group>"; };
/* End PBXFileReference section */

/* Begin PBXFrameworksBuildPhase section */
		42CC66B31A8FEC2D000B2A97 /* Frameworks */ = {
			isa = PBXFrameworksBuildPhase;
			buildActionMask = 2147483647;
			files = (
			);
			runOnlyForDeploymentPostprocessing = 0;
		};
		42CC66C31A8FEC2D000B2A97 /* Frameworks */ = {
			isa = PBXFrameworksBuildPhase;
			buildActionMask = 2147483647;
			files = (
			);
			runOnlyForDeploymentPostprocessing = 0;
		};
/* End PBXFrameworksBuildPhase section */

/* Begin PBXGroup section */
		42CC66AD1A8FEC2D000B2A97 = {
			isa = PBXGroup;
			children = (
				42CC66B81A8FEC2D000B2A97 /* AnagramFinder */,
				42CC66C91A8FEC2D000B2A97 /* AnagramFinderTests */,
				42CC66B71A8FEC2D000B2A97 /* Products */,
			);
			sourceTree = "<group>";
		};
		42CC66B71A8FEC2D000B2A97 /* Products */ = {
			isa = PBXGroup;
			children = (
				42CC66B61A8FEC2D000B2A97 /* AnagramFinder.app */,
				42CC66C61A8FEC2D000B2A97 /* AnagramFinderTests.xctest */,
			);
			name = Products;
			sourceTree = "<group>";
		};
		42CC66B81A8FEC2D000B2A97 /* AnagramFinder */ = {
			isa = PBXGroup;
			children = (
				42CC66BB1A8FEC2D000B2A97 /* AppDelegate.swift */,
				428F821F1A9050000089515C /* AnagramClusterer.swift */,
				4264A0C01B8A40E1008EBCD7 /* Utilities.swift */,
				42CC66BD1A8FEC2D000B2A97 /* Images.xcassets */,
				42CC66BF1A8FEC2D000B2A97 /* MainMenu.xib */,
				42CC66B91A8FEC2D000B2A97 /* Supporting Files */,
			);
			path = AnagramFinder;
			sourceTree = "<group>";
		};
		42CC66B91A8FEC2D000B2A97 /* Supporting Files */ = {
			isa = PBXGroup;
			children = (
				42CC66BA1A8FEC2D000B2A97 /* Info.plist */,
			);
			name = "Supporting Files";
			sourceTree = "<group>";
		};
		42CC66C91A8FEC2D000B2A97 /* AnagramFinderTests */ = {
			isa = PBXGroup;
			children = (
				42CC66CC1A8FEC2D000B2A97 /* AnagramFinderTests.swift */,
				42CC66CA1A8FEC2D000B2A97 /* Supporting Files */,
			);
			path = AnagramFinderTests;
			sourceTree = "<group>";
		};
		42CC66CA1A8FEC2D000B2A97 /* Supporting Files */ = {
			isa = PBXGroup;
			children = (
				42CC66CB1A8FEC2D000B2A97 /* Info.plist */,
			);
			name = "Supporting Files";
			sourceTree = "<group>";
		};
/* End PBXGroup section */

/* Begin PBXNativeTarget section */
		42CC66B51A8FEC2D000B2A97 /* AnagramFinder */ = {
			isa = PBXNativeTarget;
			buildConfigurationList = 42CC66D01A8FEC2D000B2A97 /* Build configuration list for PBXNativeTarget "AnagramFinder" */;
			buildPhases = (
				42CC66B21A8FEC2D000B2A97 /* Sources */,
				42CC66B31A8FEC2D000B2A97 /* Frameworks */,
				42CC66B41A8FEC2D000B2A97 /* Resources */,
			);
			buildRules = (
			);
			dependencies = (
			);
			name = AnagramFinder;
			productName = AnagramFinder;
			productReference = 42CC66B61A8FEC2D000B2A97 /* AnagramFinder.app */;
			productType = "com.apple.product-type.application";
		};
		42CC66C51A8FEC2D000B2A97 /* AnagramFinderTests */ = {
			isa = PBXNativeTarget;
			buildConfigurationList = 42CC66D31A8FEC2D000B2A97 /* Build configuration list for PBXNativeTarget "AnagramFinderTests" */;
			buildPhases = (
				42CC66C21A8FEC2D000B2A97 /* Sources */,
				42CC66C31A8FEC2D000B2A97 /* Frameworks */,
				42CC66C41A8FEC2D000B2A97 /* Resources */,
			);
			buildRules = (
			);
			dependencies = (
				42CC66C81A8FEC2D000B2A97 /* PBXTargetDependency */,
			);
			name = AnagramFinderTests;
			productName = AnagramFinderTests;
			productReference = 42CC66C61A8FEC2D000B2A97 /* AnagramFinderTests.xctest */;
			productType = "com.apple.product-type.bundle.unit-test";
		};
/* End PBXNativeTarget section */

/* Begin PBXProject section */
		42CC66AE1A8FEC2D000B2A97 /* Project object */ = {
			isa = PBXProject;
			attributes = {
				LastSwiftUpdateCheck = 0700;
				LastUpgradeCheck = 0800;
				ORGANIZATIONNAME = "Rogelio Gudino";
				TargetAttributes = {
					42CC66B51A8FEC2D000B2A97 = {
						CreatedOnToolsVersion = 6.1.1;
						LastSwiftMigration = 0800;
					};
					42CC66C51A8FEC2D000B2A97 = {
						CreatedOnToolsVersion = 6.1.1;
						LastSwiftMigration = 0800;
						TestTargetID = 42CC66B51A8FEC2D000B2A97;
					};
				};
			};
			buildConfigurationList = 42CC66B11A8FEC2D000B2A97 /* Build configuration list for PBXProject "AnagramFinder" */;
			compatibilityVersion = "Xcode 3.2";
			developmentRegion = English;
			hasScannedForEncodings = 0;
			knownRegions = (
				en,
				Base,
			);
			mainGroup = 42CC66AD1A8FEC2D000B2A97;
			productRefGroup = 42CC66B71A8FEC2D000B2A97 /* Products */;
			projectDirPath = "";
			projectRoot = "";
			targets = (
				42CC66B51A8FEC2D000B2A97 /* AnagramFinder */,
				42CC66C51A8FEC2D000B2A97 /* AnagramFinderTests */,
			);
		};
/* End PBXProject section */

/* Begin PBXResourcesBuildPhase section */
		42CC66B41A8FEC2D000B2A97 /* Resources */ = {
			isa = PBXResourcesBuildPhase;
			buildActionMask = 2147483647;
			files = (
				42CC66BE1A8FEC2D000B2A97 /* Images.xcassets in Resources */,
				42CC66C11A8FEC2D000B2A97 /* MainMenu.xib in Resources */,
			);
			runOnlyForDeploymentPostprocessing = 0;
		};
		42CC66C41A8FEC2D000B2A97 /* Resources */ = {
			isa = PBXResourcesBuildPhase;
			buildActionMask = 2147483647;
			files = (
			);
			runOnlyForDeploymentPostprocessing = 0;
		};
/* End PBXResourcesBuildPhase section */

/* Begin PBXSourcesBuildPhase section */
		42CC66B21A8FEC2D000B2A97 /* Sources */ = {
			isa = PBXSourcesBuildPhase;
			buildActionMask = 2147483647;
			files = (
				4264A0C11B8A40E1008EBCD7 /* Utilities.swift in Sources */,
				42CC66BC1A8FEC2D000B2A97 /* AppDelegate.swift in Sources */,
				428F82201A9050000089515C /* AnagramClusterer.swift in Sources */,
			);
			runOnlyForDeploymentPostprocessing = 0;
		};
		42CC66C21A8FEC2D000B2A97 /* Sources */ = {
			isa = PBXSourcesBuildPhase;
			buildActionMask = 2147483647;
			files = (
				42CC66CD1A8FEC2D000B2A97 /* AnagramFinderTests.swift in Sources */,
			);
			runOnlyForDeploymentPostprocessing = 0;
		};
/* End PBXSourcesBuildPhase section */

/* Begin PBXTargetDependency section */
		42CC66C81A8FEC2D000B2A97 /* PBXTargetDependency */ = {
			isa = PBXTargetDependency;
			target = 42CC66B51A8FEC2D000B2A97 /* AnagramFinder */;
			targetProxy = 42CC66C71A8FEC2D000B2A97 /* PBXContainerItemProxy */;
		};
/* End PBXTargetDependency section */

/* Begin PBXVariantGroup section */
		42CC66BF1A8FEC2D000B2A97 /* MainMenu.xib */ = {
			isa = PBXVariantGroup;
			children = (
				42CC66C01A8FEC2D000B2A97 /* Base */,
			);
			name = MainMenu.xib;
			sourceTree = "<group>";
		};
/* End PBXVariantGroup section */

/* Begin XCBuildConfiguration section */
		42CC66CE1A8FEC2D000B2A97 /* Debug */ = {
			isa = XCBuildConfiguration;
			buildSettings = {
				ALWAYS_SEARCH_USER_PATHS = NO;
				CLANG_CXX_LANGUAGE_STANDARD = "gnu++0x";
				CLANG_CXX_LIBRARY = "libc++";
				CLANG_ENABLE_MODULES = YES;
				CLANG_ENABLE_OBJC_ARC = YES;
				CLANG_WARN_BOOL_CONVERSION = YES;
				CLANG_WARN_CONSTANT_CONVERSION = YES;
				CLANG_WARN_DIRECT_OBJC_ISA_USAGE = YES_ERROR;
				CLANG_WARN_EMPTY_BODY = YES;
				CLANG_WARN_ENUM_CONVERSION = YES;
				CLANG_WARN_INFINITE_RECURSION = YES;
				CLANG_WARN_INT_CONVERSION = YES;
				CLANG_WARN_OBJC_ROOT_CLASS = YES_ERROR;
				CLANG_WARN_SUSPICIOUS_MOVE = YES;
				CLANG_WARN_UNREACHABLE_CODE = YES;
				CLANG_WARN__DUPLICATE_METHOD_MATCH = YES;
				CODE_SIGN_IDENTITY = "-";
				COPY_PHASE_STRIP = NO;
				ENABLE_STRICT_OBJC_MSGSEND = YES;
				ENABLE_TESTABILITY = YES;
				GCC_C_LANGUAGE_STANDARD = gnu99;
				GCC_DYNAMIC_NO_PIC = NO;
				GCC_NO_COMMON_BLOCKS = YES;
				GCC_OPTIMIZATION_LEVEL = 0;
				GCC_PREPROCESSOR_DEFINITIONS = (
					"DEBUG=1",
					"$(inherited)",
				);
				GCC_SYMBOLS_PRIVATE_EXTERN = NO;
				GCC_WARN_64_TO_32_BIT_CONVERSION = YES;
				GCC_WARN_ABOUT_RETURN_TYPE = YES_ERROR;
				GCC_WARN_UNDECLARED_SELECTOR = YES;
				GCC_WARN_UNINITIALIZED_AUTOS = YES_AGGRESSIVE;
				GCC_WARN_UNUSED_FUNCTION = YES;
				GCC_WARN_UNUSED_VARIABLE = YES;
				MACOSX_DEPLOYMENT_TARGET = 10.10;
				MTL_ENABLE_DEBUG_INFO = YES;
				ONLY_ACTIVE_ARCH = YES;
				SDKROOT = macosx;
				SWIFT_OPTIMIZATION_LEVEL = "-Onone";
			};
			name = Debug;
		};
		42CC66CF1A8FEC2D000B2A97 /* Release */ = {
			isa = XCBuildConfiguration;
			buildSettings = {
				ALWAYS_SEARCH_USER_PATHS = NO;
				CLANG_CXX_LANGUAGE_STANDARD = "gnu++0x";
				CLANG_CXX_LIBRARY = "libc++";
				CLANG_ENABLE_MODULES = YES;
				CLANG_ENABLE_OBJC_ARC = YES;
				CLANG_WARN_BOOL_CONVERSION = YES;
				CLANG_WARN_CONSTANT_CONVERSION = YES;
				CLANG_WARN_DIRECT_OBJC_ISA_USAGE = YES_ERROR;
				CLANG_WARN_EMPTY_BODY = YES;
				CLANG_WARN_ENUM_CONVERSION = YES;
				CLANG_WARN_INFINITE_RECURSION = YES;
				CLANG_WARN_INT_CONVERSION = YES;
				CLANG_WARN_OBJC_ROOT_CLASS = YES_ERROR;
				CLANG_WARN_SUSPICIOUS_MOVE = YES;
				CLANG_WARN_UNREACHABLE_CODE = YES;
				CLANG_WARN__DUPLICATE_METHOD_MATCH = YES;
				CODE_SIGN_IDENTITY = "-";
				COPY_PHASE_STRIP = YES;
				DEBUG_INFORMATION_FORMAT = "dwarf-with-dsym";
				ENABLE_NS_ASSERTIONS = NO;
				ENABLE_STRICT_OBJC_MSGSEND = YES;
				GCC_C_LANGUAGE_STANDARD = gnu99;
				GCC_NO_COMMON_BLOCKS = YES;
				GCC_WARN_64_TO_32_BIT_CONVERSION = YES;
				GCC_WARN_ABOUT_RETURN_TYPE = YES_ERROR;
				GCC_WARN_UNDECLARED_SELECTOR = YES;
				GCC_WARN_UNINITIALIZED_AUTOS = YES_AGGRESSIVE;
				GCC_WARN_UNUSED_FUNCTION = YES;
				GCC_WARN_UNUSED_VARIABLE = YES;
				MACOSX_DEPLOYMENT_TARGET = 10.10;
				MTL_ENABLE_DEBUG_INFO = NO;
				SDKROOT = macosx;
				SWIFT_OPTIMIZATION_LEVEL = "-Owholemodule";
			};
			name = Release;
		};
		42CC66D11A8FEC2D000B2A97 /* Debug */ = {
			isa = XCBuildConfiguration;
			buildSettings = {
				ASSETCATALOG_COMPILER_APPICON_NAME = AppIcon;
				COMBINE_HIDPI_IMAGES = YES;
				INFOPLIST_FILE = AnagramFinder/Info.plist;
				LD_RUNPATH_SEARCH_PATHS = "$(inherited) @executable_path/../Frameworks";
				PRODUCT_BUNDLE_IDENTIFIER = "com.cananito.$(PRODUCT_NAME:rfc1034identifier)";
				PRODUCT_NAME = "$(TARGET_NAME)";
				SWIFT_VERSION = 3.0;
			};
			name = Debug;
		};
		42CC66D21A8FEC2D000B2A97 /* Release */ = {
			isa = XCBuildConfiguration;
			buildSettings = {
				ASSETCATALOG_COMPILER_APPICON_NAME = AppIcon;
				COMBINE_HIDPI_IMAGES = YES;
				INFOPLIST_FILE = AnagramFinder/Info.plist;
				LD_RUNPATH_SEARCH_PATHS = "$(inherited) @executable_path/../Frameworks";
				PRODUCT_BUNDLE_IDENTIFIER = "com.cananito.$(PRODUCT_NAME:rfc1034identifier)";
				PRODUCT_NAME = "$(TARGET_NAME)";
				SWIFT_VERSION = 3.0;
			};
			name = Release;
		};
		42CC66D41A8FEC2D000B2A97 /* Debug */ = {
			isa = XCBuildConfiguration;
			buildSettings = {
				BUNDLE_LOADER = "$(TEST_HOST)";
				COMBINE_HIDPI_IMAGES = YES;
				FRAMEWORK_SEARCH_PATHS = (
					"$(DEVELOPER_FRAMEWORKS_DIR)",
					"$(inherited)",
				);
				GCC_PREPROCESSOR_DEFINITIONS = (
					"DEBUG=1",
					"$(inherited)",
				);
				INFOPLIST_FILE = AnagramFinderTests/Info.plist;
				LD_RUNPATH_SEARCH_PATHS = "$(inherited) @executable_path/../Frameworks @loader_path/../Frameworks";
				PRODUCT_BUNDLE_IDENTIFIER = "com.cananito.$(PRODUCT_NAME:rfc1034identifier)";
				PRODUCT_NAME = "$(TARGET_NAME)";
				SWIFT_VERSION = 3.0;
				TEST_HOST = "$(BUILT_PRODUCTS_DIR)/AnagramFinder.app/Contents/MacOS/AnagramFinder";
			};
			name = Debug;
		};
		42CC66D51A8FEC2D000B2A97 /* Release */ = {
			isa = XCBuildConfiguration;
			buildSettings = {
				BUNDLE_LOADER = "$(TEST_HOST)";
				COMBINE_HIDPI_IMAGES = YES;
				FRAMEWORK_SEARCH_PATHS = (
					"$(DEVELOPER_FRAMEWORKS_DIR)",
					"$(inherited)",
				);
				INFOPLIST_FILE = AnagramFinderTests/Info.plist;
				LD_RUNPATH_SEARCH_PATHS = "$(inherited) @executable_path/../Frameworks @loader_path/../Frameworks";
				PRODUCT_BUNDLE_IDENTIFIER = "com.cananito.$(PRODUCT_NAME:rfc1034identifier)";
				PRODUCT_NAME = "$(TARGET_NAME)";
				SWIFT_VERSION = 3.0;
				TEST_HOST = "$(BUILT_PRODUCTS_DIR)/AnagramFinder.app/Contents/MacOS/AnagramFinder";
			};
			name = Release;
		};
/* End XCBuildConfiguration section */

/* Begin XCConfigurationList section */
		42CC66B11A8FEC2D000B2A97 /* Build configuration list for PBXProject "AnagramFinder" */ = {
			isa = XCConfigurationList;
			buildConfigurations = (
				42CC66CE1A8FEC2D000B2A97 /* Debug */,
				42CC66CF1A8FEC2D000B2A97 /* Release */,
			);
			defaultConfigurationIsVisible = 0;
			defaultConfigurationName = Release;
		};
		42CC66D01A8FEC2D000B2A97 /* Build configuration list for PBXNativeTarget "AnagramFinder" */ = {
			isa = XCConfigurationList;
			buildConfigurations = (
				42CC66D11A8FEC2D000B2A97 /* Debug */,
				42CC66D21A8FEC2D000B2A97 /* Release */,
			);
			defaultConfigurationIsVisible = 0;
			defaultConfigurationName = Release;
		};
		42CC66D31A8FEC2D000B2A97 /* Build configuration list for PBXNativeTarget "AnagramFinderTests" */ = {
			isa = XCConfigurationList;
			buildConfigurations = (
				42CC66D41A8FEC2D000B2A97 /* Debug */,
				42CC66D51A8FEC2D000B2A97 /* Release */,
			);
			defaultConfigurationIsVisible = 0;
			defaultConfigurationName = Release;
		};
/* End XCConfigurationList section */
	};
	rootObject = 42CC66AE1A8FEC2D000B2A97 /* Project object */;
}
