// !$*UTF8*$!
{
	archiveVersion = 1;
	classes = {
	};
	objectVersion = 46;
	objects = {

/* Begin PBXBuildFile section */
		424D667E1ABF408D00D6C819 /* AppDelegate.swift in Sources */ = {isa = PBXBuildFile; fileRef = 424D667D1ABF408D00D6C819 /* AppDelegate.swift */; };
		424D66801ABF408D00D6C819 /* Images.xcassets in Resources */ = {isa = PBXBuildFile; fileRef = 424D667F1ABF408D00D6C819 /* Images.xcassets */; };
		424D66831ABF408D00D6C819 /* MainMenu.xib in Resources */ = {isa = PBXBuildFile; fileRef = 424D66811ABF408D00D6C819 /* MainMenu.xib */; };
		424D668F1ABF408D00D6C819 /* PalindromeDetectorTests.swift in Sources */ = {isa = PBXBuildFile; fileRef = 424D668E1ABF408D00D6C819 /* PalindromeDetectorTests.swift */; };
		4264A0681B85A26D008EBCD7 /* Stack.framework in Frameworks */ = {isa = PBXBuildFile; fileRef = 4264A0651B85A214008EBCD7 /* Stack.framework */; };
/* End PBXBuildFile section */

/* Begin PBXContainerItemProxy section */
		424D66891ABF408D00D6C819 /* PBXContainerItemProxy */ = {
			isa = PBXContainerItemProxy;
			containerPortal = 424D66701ABF408D00D6C819 /* Project object */;
			proxyType = 1;
			remoteGlobalIDString = 424D66771ABF408D00D6C819;
			remoteInfo = PalindromeDetector;
		};
		4264A0641B85A214008EBCD7 /* PBXContainerItemProxy */ = {
			isa = PBXContainerItemProxy;
			containerPortal = 4264A05F1B85A214008EBCD7 /* Stack.xcodeproj */;
			proxyType = 2;
			remoteGlobalIDString = 424D664E1ABF38D300D6C819;
			remoteInfo = Stack;
		};
		4264A0661B85A214008EBCD7 /* PBXContainerItemProxy */ = {
			isa = PBXContainerItemProxy;
			containerPortal = 4264A05F1B85A214008EBCD7 /* Stack.xcodeproj */;
			proxyType = 2;
			remoteGlobalIDString = 424D66591ABF38D300D6C819;
			remoteInfo = StackTests;
		};
/* End PBXContainerItemProxy section */

/* Begin PBXFileReference section */
		424D66781ABF408D00D6C819 /* PalindromeDetector.app */ = {isa = PBXFileReference; explicitFileType = wrapper.application; includeInIndex = 0; path = PalindromeDetector.app; sourceTree = BUILT_PRODUCTS_DIR; };
		424D667C1ABF408D00D6C819 /* Info.plist */ = {isa = PBXFileReference; lastKnownFileType = text.plist.xml; path = Info.plist; sourceTree = "<group>"; };
		424D667D1ABF408D00D6C819 /* AppDelegate.swift */ = {isa = PBXFileReference; lastKnownFileType = sourcecode.swift; path = AppDelegate.swift; sourceTree = "<group>"; };
		424D667F1ABF408D00D6C819 /* Images.xcassets */ = {isa = PBXFileReference; lastKnownFileType = folder.assetcatalog; path = Images.xcassets; sourceTree = "<group>"; };
		424D66821ABF408D00D6C819 /* Base */ = {isa = PBXFileReference; lastKnownFileType = file.xib; name = Base; path = Base.lproj/MainMenu.xib; sourceTree = "<group>"; };
		424D66881ABF408D00D6C819 /* PalindromeDetectorTests.xctest */ = {isa = PBXFileReference; explicitFileType = wrapper.cfbundle; includeInIndex = 0; path = PalindromeDetectorTests.xctest; sourceTree = BUILT_PRODUCTS_DIR; };
		424D668D1ABF408D00D6C819 /* Info.plist */ = {isa = PBXFileReference; lastKnownFileType = text.plist.xml; path = Info.plist; sourceTree = "<group>"; };
		424D668E1ABF408D00D6C819 /* PalindromeDetectorTests.swift */ = {isa = PBXFileReference; lastKnownFileType = sourcecode.swift; path = PalindromeDetectorTests.swift; sourceTree = "<group>"; };
		4264A05F1B85A214008EBCD7 /* Stack.xcodeproj */ = {isa = PBXFileReference; lastKnownFileType = "wrapper.pb-project"; name = Stack.xcodeproj; path = ../../DataStructures/Stack/Stack.xcodeproj; sourceTree = "<group>"; };
/* End PBXFileReference section */

/* Begin PBXFrameworksBuildPhase section */
		424D66751ABF408D00D6C819 /* Frameworks */ = {
			isa = PBXFrameworksBuildPhase;
			buildActionMask = 2147483647;
			files = (
				4264A0681B85A26D008EBCD7 /* Stack.framework in Frameworks */,
			);
			runOnlyForDeploymentPostprocessing = 0;
		};
		424D66851ABF408D00D6C819 /* Frameworks */ = {
			isa = PBXFrameworksBuildPhase;
			buildActionMask = 2147483647;
			files = (
			);
			runOnlyForDeploymentPostprocessing = 0;
		};
/* End PBXFrameworksBuildPhase section */

/* Begin PBXGroup section */
		424D666F1ABF408D00D6C819 = {
			isa = PBXGroup;
			children = (
				4264A05F1B85A214008EBCD7 /* Stack.xcodeproj */,
				424D667A1ABF408D00D6C819 /* PalindromeDetector */,
				424D668B1ABF408D00D6C819 /* PalindromeDetectorTests */,
				424D66791ABF408D00D6C819 /* Products */,
			);
			sourceTree = "<group>";
		};
		424D66791ABF408D00D6C819 /* Products */ = {
			isa = PBXGroup;
			children = (
				424D66781ABF408D00D6C819 /* PalindromeDetector.app */,
				424D66881ABF408D00D6C819 /* PalindromeDetectorTests.xctest */,
			);
			name = Products;
			sourceTree = "<group>";
		};
		424D667A1ABF408D00D6C819 /* PalindromeDetector */ = {
			isa = PBXGroup;
			children = (
				424D667D1ABF408D00D6C819 /* AppDelegate.swift */,
				424D667F1ABF408D00D6C819 /* Images.xcassets */,
				424D66811ABF408D00D6C819 /* MainMenu.xib */,
				424D667B1ABF408D00D6C819 /* Supporting Files */,
			);
			path = PalindromeDetector;
			sourceTree = "<group>";
		};
		424D667B1ABF408D00D6C819 /* Supporting Files */ = {
			isa = PBXGroup;
			children = (
				424D667C1ABF408D00D6C819 /* Info.plist */,
			);
			name = "Supporting Files";
			sourceTree = "<group>";
		};
		424D668B1ABF408D00D6C819 /* PalindromeDetectorTests */ = {
			isa = PBXGroup;
			children = (
				424D668E1ABF408D00D6C819 /* PalindromeDetectorTests.swift */,
				424D668C1ABF408D00D6C819 /* Supporting Files */,
			);
			path = PalindromeDetectorTests;
			sourceTree = "<group>";
		};
		424D668C1ABF408D00D6C819 /* Supporting Files */ = {
			isa = PBXGroup;
			children = (
				424D668D1ABF408D00D6C819 /* Info.plist */,
			);
			name = "Supporting Files";
			sourceTree = "<group>";
		};
		4264A0601B85A214008EBCD7 /* Products */ = {
			isa = PBXGroup;
			children = (
				4264A0651B85A214008EBCD7 /* Stack.framework */,
				4264A0671B85A214008EBCD7 /* StackTests.xctest */,
			);
			name = Products;
			sourceTree = "<group>";
		};
/* End PBXGroup section */

/* Begin PBXNativeTarget section */
		424D66771ABF408D00D6C819 /* PalindromeDetector */ = {
			isa = PBXNativeTarget;
			buildConfigurationList = 424D66921ABF408D00D6C819 /* Build configuration list for PBXNativeTarget "PalindromeDetector" */;
			buildPhases = (
				424D66741ABF408D00D6C819 /* Sources */,
				424D66751ABF408D00D6C819 /* Frameworks */,
				424D66761ABF408D00D6C819 /* Resources */,
			);
			buildRules = (
			);
			dependencies = (
			);
			name = PalindromeDetector;
			productName = PalindromeDetector;
			productReference = 424D66781ABF408D00D6C819 /* PalindromeDetector.app */;
			productType = "com.apple.product-type.application";
		};
		424D66871ABF408D00D6C819 /* PalindromeDetectorTests */ = {
			isa = PBXNativeTarget;
			buildConfigurationList = 424D66951ABF408D00D6C819 /* Build configuration list for PBXNativeTarget "PalindromeDetectorTests" */;
			buildPhases = (
				424D66841ABF408D00D6C819 /* Sources */,
				424D66851ABF408D00D6C819 /* Frameworks */,
				424D66861ABF408D00D6C819 /* Resources */,
			);
			buildRules = (
			);
			dependencies = (
				424D668A1ABF408D00D6C819 /* PBXTargetDependency */,
			);
			name = PalindromeDetectorTests;
			productName = PalindromeDetectorTests;
			productReference = 424D66881ABF408D00D6C819 /* PalindromeDetectorTests.xctest */;
			productType = "com.apple.product-type.bundle.unit-test";
		};
/* End PBXNativeTarget section */

/* Begin PBXProject section */
		424D66701ABF408D00D6C819 /* Project object */ = {
			isa = PBXProject;
			attributes = {
				LastSwiftUpdateCheck = 0700;
				LastUpgradeCheck = 0630;
				ORGANIZATIONNAME = "Rogelio Gudino";
				TargetAttributes = {
					424D66771ABF408D00D6C819 = {
						CreatedOnToolsVersion = 6.3;
					};
					424D66871ABF408D00D6C819 = {
						CreatedOnToolsVersion = 6.3;
						TestTargetID = 424D66771ABF408D00D6C819;
					};
				};
			};
			buildConfigurationList = 424D66731ABF408D00D6C819 /* Build configuration list for PBXProject "PalindromeDetector" */;
			compatibilityVersion = "Xcode 3.2";
			developmentRegion = English;
			hasScannedForEncodings = 0;
			knownRegions = (
				en,
				Base,
			);
			mainGroup = 424D666F1ABF408D00D6C819;
			productRefGroup = 424D66791ABF408D00D6C819 /* Products */;
			projectDirPath = "";
			projectReferences = (
				{
					ProductGroup = 4264A0601B85A214008EBCD7 /* Products */;
					ProjectRef = 4264A05F1B85A214008EBCD7 /* Stack.xcodeproj */;
				},
			);
			projectRoot = "";
			targets = (
				424D66771ABF408D00D6C819 /* PalindromeDetector */,
				424D66871ABF408D00D6C819 /* PalindromeDetectorTests */,
			);
		};
/* End PBXProject section */

/* Begin PBXReferenceProxy section */
		4264A0651B85A214008EBCD7 /* Stack.framework */ = {
			isa = PBXReferenceProxy;
			fileType = wrapper.framework;
			path = Stack.framework;
			remoteRef = 4264A0641B85A214008EBCD7 /* PBXContainerItemProxy */;
			sourceTree = BUILT_PRODUCTS_DIR;
		};
		4264A0671B85A214008EBCD7 /* StackTests.xctest */ = {
			isa = PBXReferenceProxy;
			fileType = wrapper.cfbundle;
			path = StackTests.xctest;
			remoteRef = 4264A0661B85A214008EBCD7 /* PBXContainerItemProxy */;
			sourceTree = BUILT_PRODUCTS_DIR;
		};
/* End PBXReferenceProxy section */

/* Begin PBXResourcesBuildPhase section */
		424D66761ABF408D00D6C819 /* Resources */ = {
			isa = PBXResourcesBuildPhase;
			buildActionMask = 2147483647;
			files = (
				424D66801ABF408D00D6C819 /* Images.xcassets in Resources */,
				424D66831ABF408D00D6C819 /* MainMenu.xib in Resources */,
			);
			runOnlyForDeploymentPostprocessing = 0;
		};
		424D66861ABF408D00D6C819 /* Resources */ = {
			isa = PBXResourcesBuildPhase;
			buildActionMask = 2147483647;
			files = (
			);
			runOnlyForDeploymentPostprocessing = 0;
		};
/* End PBXResourcesBuildPhase section */

/* Begin PBXSourcesBuildPhase section */
		424D66741ABF408D00D6C819 /* Sources */ = {
			isa = PBXSourcesBuildPhase;
			buildActionMask = 2147483647;
			files = (
				424D667E1ABF408D00D6C819 /* AppDelegate.swift in Sources */,
			);
			runOnlyForDeploymentPostprocessing = 0;
		};
		424D66841ABF408D00D6C819 /* Sources */ = {
			isa = PBXSourcesBuildPhase;
			buildActionMask = 2147483647;
			files = (
				424D668F1ABF408D00D6C819 /* PalindromeDetectorTests.swift in Sources */,
			);
			runOnlyForDeploymentPostprocessing = 0;
		};
/* End PBXSourcesBuildPhase section */

/* Begin PBXTargetDependency section */
		424D668A1ABF408D00D6C819 /* PBXTargetDependency */ = {
			isa = PBXTargetDependency;
			target = 424D66771ABF408D00D6C819 /* PalindromeDetector */;
			targetProxy = 424D66891ABF408D00D6C819 /* PBXContainerItemProxy */;
		};
/* End PBXTargetDependency section */

/* Begin PBXVariantGroup section */
		424D66811ABF408D00D6C819 /* MainMenu.xib */ = {
			isa = PBXVariantGroup;
			children = (
				424D66821ABF408D00D6C819 /* Base */,
			);
			name = MainMenu.xib;
			sourceTree = "<group>";
		};
/* End PBXVariantGroup section */

/* Begin XCBuildConfiguration section */
		424D66901ABF408D00D6C819 /* Debug */ = {
			isa = XCBuildConfiguration;
			buildSettings = {
				ALWAYS_SEARCH_USER_PATHS = NO;
				CLANG_CXX_LANGUAGE_STANDARD = "gnu++0x";
				CLANG_CXX_LIBRARY = "libc++";
				CLANG_ENABLE_MODULES = YES;
				CLANG_ENABLE_OBJC_ARC = YES;
				CLANG_WARN_BOOL_CONVERSION = YES;
				CLANG_WARN_CONSTANT_CONVERSION = YES;
				CLANG_WARN_DIRECT_OBJC_ISA_USAGE = YES_ERROR;
				CLANG_WARN_EMPTY_BODY = YES;
				CLANG_WARN_ENUM_CONVERSION = YES;
				CLANG_WARN_INT_CONVERSION = YES;
				CLANG_WARN_OBJC_ROOT_CLASS = YES_ERROR;
				CLANG_WARN_UNREACHABLE_CODE = YES;
				CLANG_WARN__DUPLICATE_METHOD_MATCH = YES;
				CODE_SIGN_IDENTITY = "-";
				COPY_PHASE_STRIP = NO;
				DEBUG_INFORMATION_FORMAT = dwarf;
				ENABLE_STRICT_OBJC_MSGSEND = YES;
				GCC_C_LANGUAGE_STANDARD = gnu99;
				GCC_DYNAMIC_NO_PIC = NO;
				GCC_NO_COMMON_BLOCKS = YES;
				GCC_OPTIMIZATION_LEVEL = 0;
				GCC_PREPROCESSOR_DEFINITIONS = (
					"DEBUG=1",
					"$(inherited)",
				);
				GCC_SYMBOLS_PRIVATE_EXTERN = NO;
				GCC_WARN_64_TO_32_BIT_CONVERSION = YES;
				GCC_WARN_ABOUT_RETURN_TYPE = YES_ERROR;
				GCC_WARN_UNDECLARED_SELECTOR = YES;
				GCC_WARN_UNINITIALIZED_AUTOS = YES_AGGRESSIVE;
				GCC_WARN_UNUSED_FUNCTION = YES;
				GCC_WARN_UNUSED_VARIABLE = YES;
				MACOSX_DEPLOYMENT_TARGET = 10.10;
				MTL_ENABLE_DEBUG_INFO = YES;
				ONLY_ACTIVE_ARCH = YES;
				SDKROOT = macosx;
				SWIFT_OPTIMIZATION_LEVEL = "-Onone";
			};
			name = Debug;
		};
		424D66911ABF408D00D6C819 /* Release */ = {
			isa = XCBuildConfiguration;
			buildSettings = {
				ALWAYS_SEARCH_USER_PATHS = NO;
				CLANG_CXX_LANGUAGE_STANDARD = "gnu++0x";
				CLANG_CXX_LIBRARY = "libc++";
				CLANG_ENABLE_MODULES = YES;
				CLANG_ENABLE_OBJC_ARC = YES;
				CLANG_WARN_BOOL_CONVERSION = YES;
				CLANG_WARN_CONSTANT_CONVERSION = YES;
				CLANG_WARN_DIRECT_OBJC_ISA_USAGE = YES_ERROR;
				CLANG_WARN_EMPTY_BODY = YES;
				CLANG_WARN_ENUM_CONVERSION = YES;
				CLANG_WARN_INT_CONVERSION = YES;
				CLANG_WARN_OBJC_ROOT_CLASS = YES_ERROR;
				CLANG_WARN_UNREACHABLE_CODE = YES;
				CLANG_WARN__DUPLICATE_METHOD_MATCH = YES;
				CODE_SIGN_IDENTITY = "-";
				COPY_PHASE_STRIP = NO;
				DEBUG_INFORMATION_FORMAT = "dwarf-with-dsym";
				ENABLE_NS_ASSERTIONS = NO;
				ENABLE_STRICT_OBJC_MSGSEND = YES;
				GCC_C_LANGUAGE_STANDARD = gnu99;
				GCC_NO_COMMON_BLOCKS = YES;
				GCC_WARN_64_TO_32_BIT_CONVERSION = YES;
				GCC_WARN_ABOUT_RETURN_TYPE = YES_ERROR;
				GCC_WARN_UNDECLARED_SELECTOR = YES;
				GCC_WARN_UNINITIALIZED_AUTOS = YES_AGGRESSIVE;
				GCC_WARN_UNUSED_FUNCTION = YES;
				GCC_WARN_UNUSED_VARIABLE = YES;
				MACOSX_DEPLOYMENT_TARGET = 10.10;
				MTL_ENABLE_DEBUG_INFO = NO;
				SDKROOT = macosx;
			};
			name = Release;
		};
		424D66931ABF408D00D6C819 /* Debug */ = {
			isa = XCBuildConfiguration;
			buildSettings = {
				ASSETCATALOG_COMPILER_APPICON_NAME = AppIcon;
				COMBINE_HIDPI_IMAGES = YES;
				INFOPLIST_FILE = PalindromeDetector/Info.plist;
				LD_RUNPATH_SEARCH_PATHS = "$(inherited) @executable_path/../Frameworks";
				PRODUCT_NAME = "$(TARGET_NAME)";
			};
			name = Debug;
		};
		424D66941ABF408D00D6C819 /* Release */ = {
			isa = XCBuildConfiguration;
			buildSettings = {
				ASSETCATALOG_COMPILER_APPICON_NAME = AppIcon;
				COMBINE_HIDPI_IMAGES = YES;
				INFOPLIST_FILE = PalindromeDetector/Info.plist;
				LD_RUNPATH_SEARCH_PATHS = "$(inherited) @executable_path/../Frameworks";
				PRODUCT_NAME = "$(TARGET_NAME)";
			};
			name = Release;
		};
		424D66961ABF408D00D6C819 /* Debug */ = {
			isa = XCBuildConfiguration;
			buildSettings = {
				BUNDLE_LOADER = "$(TEST_HOST)";
				COMBINE_HIDPI_IMAGES = YES;
				FRAMEWORK_SEARCH_PATHS = (
					"$(DEVELOPER_FRAMEWORKS_DIR)",
					"$(inherited)",
				);
				GCC_PREPROCESSOR_DEFINITIONS = (
					"DEBUG=1",
					"$(inherited)",
				);
				INFOPLIST_FILE = PalindromeDetectorTests/Info.plist;
				LD_RUNPATH_SEARCH_PATHS = "$(inherited) @executable_path/../Frameworks @loader_path/../Frameworks";
				PRODUCT_NAME = "$(TARGET_NAME)";
				TEST_HOST = "$(BUILT_PRODUCTS_DIR)/PalindromeDetector.app/Contents/MacOS/PalindromeDetector";
			};
			name = Debug;
		};
		424D66971ABF408D00D6C819 /* Release */ = {
			isa = XCBuildConfiguration;
			buildSettings = {
				BUNDLE_LOADER = "$(TEST_HOST)";
				COMBINE_HIDPI_IMAGES = YES;
				FRAMEWORK_SEARCH_PATHS = (
					"$(DEVELOPER_FRAMEWORKS_DIR)",
					"$(inherited)",
				);
				INFOPLIST_FILE = PalindromeDetectorTests/Info.plist;
				LD_RUNPATH_SEARCH_PATHS = "$(inherited) @executable_path/../Frameworks @loader_path/../Frameworks";
				PRODUCT_NAME = "$(TARGET_NAME)";
				TEST_HOST = "$(BUILT_PRODUCTS_DIR)/PalindromeDetector.app/Contents/MacOS/PalindromeDetector";
			};
			name = Release;
		};
/* End XCBuildConfiguration section */

/* Begin XCConfigurationList section */
		424D66731ABF408D00D6C819 /* Build configuration list for PBXProject "PalindromeDetector" */ = {
			isa = XCConfigurationList;
			buildConfigurations = (
				424D66901ABF408D00D6C819 /* Debug */,
				424D66911ABF408D00D6C819 /* Release */,
			);
			defaultConfigurationIsVisible = 0;
			defaultConfigurationName = Release;
		};
		424D66921ABF408D00D6C819 /* Build configuration list for PBXNativeTarget "PalindromeDetector" */ = {
			isa = XCConfigurationList;
			buildConfigurations = (
				424D66931ABF408D00D6C819 /* Debug */,
				424D66941ABF408D00D6C819 /* Release */,
			);
			defaultConfigurationIsVisible = 0;
			defaultConfigurationName = Release;
		};
		424D66951ABF408D00D6C819 /* Build configuration list for PBXNativeTarget "PalindromeDetectorTests" */ = {
			isa = XCConfigurationList;
			buildConfigurations = (
				424D66961ABF408D00D6C819 /* Debug */,
				424D66971ABF408D00D6C819 /* Release */,
			);
			defaultConfigurationIsVisible = 0;
			defaultConfigurationName = Release;
		};
/* End XCConfigurationList section */
	};
	rootObject = 424D66701ABF408D00D6C819 /* Project object */;
}
