// !$*UTF8*$!
{
	archiveVersion = 1;
	classes = {
	};
	objectVersion = 46;
	objects = {

/* Begin PBXBuildFile section */
		42ACFB5A1B74584300047C56 /* AppDelegate.swift in Sources */ = {isa = PBXBuildFile; fileRef = 42ACFB591B74584300047C56 /* AppDelegate.swift */; };
		42ACFB5C1B74584300047C56 /* ViewController.swift in Sources */ = {isa = PBXBuildFile; fileRef = 42ACFB5B1B74584300047C56 /* ViewController.swift */; };
		42ACFB5E1B74584300047C56 /* Assets.xcassets in Resources */ = {isa = PBXBuildFile; fileRef = 42ACFB5D1B74584300047C56 /* Assets.xcassets */; };
		42ACFB611B74584300047C56 /* Main.storyboard in Resources */ = {isa = PBXBuildFile; fileRef = 42ACFB5F1B74584300047C56 /* Main.storyboard */; };
		42F9C1C01F5C9451002DEAFD /* PlotView.swift in Sources */ = {isa = PBXBuildFile; fileRef = 42F9C1BF1F5C9451002DEAFD /* PlotView.swift */; };
/* End PBXBuildFile section */

/* Begin PBXFileReference section */
		42ACFB561B74584300047C56 /* TuppersSelfReferentialFormula.app */ = {isa = PBXFileReference; explicitFileType = wrapper.application; includeInIndex = 0; path = TuppersSelfReferentialFormula.app; sourceTree = BUILT_PRODUCTS_DIR; };
		42ACFB591B74584300047C56 /* AppDelegate.swift */ = {isa = PBXFileReference; lastKnownFileType = sourcecode.swift; path = AppDelegate.swift; sourceTree = "<group>"; };
		42ACFB5B1B74584300047C56 /* ViewController.swift */ = {isa = PBXFileReference; lastKnownFileType = sourcecode.swift; path = ViewController.swift; sourceTree = "<group>"; };
		42ACFB5D1B74584300047C56 /* Assets.xcassets */ = {isa = PBXFileReference; lastKnownFileType = folder.assetcatalog; path = Assets.xcassets; sourceTree = "<group>"; };
		42ACFB601B74584300047C56 /* Base */ = {isa = PBXFileReference; lastKnownFileType = file.storyboard; name = Base; path = Base.lproj/Main.storyboard; sourceTree = "<group>"; };
		42ACFB621B74584300047C56 /* Info.plist */ = {isa = PBXFileReference; lastKnownFileType = text.plist.xml; path = Info.plist; sourceTree = "<group>"; };
		42F9C1BF1F5C9451002DEAFD /* PlotView.swift */ = {isa = PBXFileReference; fileEncoding = 4; lastKnownFileType = sourcecode.swift; path = PlotView.swift; sourceTree = "<group>"; };
/* End PBXFileReference section */

/* Begin PBXFrameworksBuildPhase section */
		42ACFB531B74584300047C56 /* Frameworks */ = {
			isa = PBXFrameworksBuildPhase;
			buildActionMask = 2147483647;
			files = (
			);
			runOnlyForDeploymentPostprocessing = 0;
		};
/* End PBXFrameworksBuildPhase section */

/* Begin PBXGroup section */
		42ACFB4D1B74584300047C56 = {
			isa = PBXGroup;
			children = (
				42ACFB581B74584300047C56 /* TuppersSelfReferentialFormula */,
				42ACFB571B74584300047C56 /* Products */,
			);
			sourceTree = "<group>";
		};
		42ACFB571B74584300047C56 /* Products */ = {
			isa = PBXGroup;
			children = (
				42ACFB561B74584300047C56 /* TuppersSelfReferentialFormula.app */,
			);
			name = Products;
			sourceTree = "<group>";
		};
		42ACFB581B74584300047C56 /* TuppersSelfReferentialFormula */ = {
			isa = PBXGroup;
			children = (
				42ACFB591B74584300047C56 /* AppDelegate.swift */,
				42ACFB5B1B74584300047C56 /* ViewController.swift */,
				42F9C1BF1F5C9451002DEAFD /* PlotView.swift */,
				42ACFB5D1B74584300047C56 /* Assets.xcassets */,
				42ACFB5F1B74584300047C56 /* Main.storyboard */,
				42ACFB621B74584300047C56 /* Info.plist */,
			);
			path = TuppersSelfReferentialFormula;
			sourceTree = "<group>";
		};
/* End PBXGroup section */

/* Begin PBXNativeTarget section */
		42ACFB551B74584300047C56 /* TuppersSelfReferentialFormula */ = {
			isa = PBXNativeTarget;
			buildConfigurationList = 42ACFB651B74584300047C56 /* Build configuration list for PBXNativeTarget "TuppersSelfReferentialFormula" */;
			buildPhases = (
				42ACFB521B74584300047C56 /* Sources */,
				42ACFB531B74584300047C56 /* Frameworks */,
				42ACFB541B74584300047C56 /* Resources */,
			);
			buildRules = (
			);
			dependencies = (
			);
			name = TuppersSelfReferentialFormula;
			productName = TuppersSelfReferentialFormula;
			productReference = 42ACFB561B74584300047C56 /* TuppersSelfReferentialFormula.app */;
			productType = "com.apple.product-type.application";
		};
/* End PBXNativeTarget section */

/* Begin PBXProject section */
		42ACFB4E1B74584300047C56 /* Project object */ = {
			isa = PBXProject;
			attributes = {
				LastUpgradeCheck = 0700;
				ORGANIZATIONNAME = "Rogelio Gudino";
				TargetAttributes = {
					42ACFB551B74584300047C56 = {
						CreatedOnToolsVersion = 7.0;
						LastSwiftMigration = 0830;
					};
				};
			};
			buildConfigurationList = 42ACFB511B74584300047C56 /* Build configuration list for PBXProject "TuppersSelfReferentialFormula" */;
			compatibilityVersion = "Xcode 3.2";
			developmentRegion = English;
			hasScannedForEncodings = 0;
			knownRegions = (
				en,
				Base,
			);
			mainGroup = 42ACFB4D1B74584300047C56;
			productRefGroup = 42ACFB571B74584300047C56 /* Products */;
			projectDirPath = "";
			projectRoot = "";
			targets = (
				42ACFB551B74584300047C56 /* TuppersSelfReferentialFormula */,
			);
		};
/* End PBXProject section */

/* Begin PBXResourcesBuildPhase section */
		42ACFB541B74584300047C56 /* Resources */ = {
			isa = PBXResourcesBuildPhase;
			buildActionMask = 2147483647;
			files = (
				42ACFB5E1B74584300047C56 /* Assets.xcassets in Resources */,
				42ACFB611B74584300047C56 /* Main.storyboard in Resources */,
			);
			runOnlyForDeploymentPostprocessing = 0;
		};
/* End PBXResourcesBuildPhase section */

/* Begin PBXSourcesBuildPhase section */
		42ACFB521B74584300047C56 /* Sources */ = {
			isa = PBXSourcesBuildPhase;
			buildActionMask = 2147483647;
			files = (
				42ACFB5C1B74584300047C56 /* ViewController.swift in Sources */,
				42F9C1C01F5C9451002DEAFD /* PlotView.swift in Sources */,
				42ACFB5A1B74584300047C56 /* AppDelegate.swift in Sources */,
			);
			runOnlyForDeploymentPostprocessing = 0;
		};
/* End PBXSourcesBuildPhase section */

/* Begin PBXVariantGroup section */
		42ACFB5F1B74584300047C56 /* Main.storyboard */ = {
			isa = PBXVariantGroup;
			children = (
				42ACFB601B74584300047C56 /* Base */,
			);
			name = Main.storyboard;
			sourceTree = "<group>";
		};
/* End PBXVariantGroup section */

/* Begin XCBuildConfiguration section */
		42ACFB631B74584300047C56 /* Debug */ = {
			isa = XCBuildConfiguration;
			buildSettings = {
				ALWAYS_SEARCH_USER_PATHS = NO;
				CLANG_CXX_LANGUAGE_STANDARD = "gnu++0x";
				CLANG_CXX_LIBRARY = "libc++";
				CLANG_ENABLE_MODULES = YES;
				CLANG_ENABLE_OBJC_ARC = YES;
				CLANG_WARN_BOOL_CONVERSION = YES;
				CLANG_WARN_CONSTANT_CONVERSION = YES;
				CLANG_WARN_DIRECT_OBJC_ISA_USAGE = YES_ERROR;
				CLANG_WARN_EMPTY_BODY = YES;
				CLANG_WARN_ENUM_CONVERSION = YES;
				CLANG_WARN_INT_CONVERSION = YES;
				CLANG_WARN_OBJC_ROOT_CLASS = YES_ERROR;
				CLANG_WARN_UNREACHABLE_CODE = YES;
				CLANG_WARN__DUPLICATE_METHOD_MATCH = YES;
				CODE_SIGN_IDENTITY = "-";
				COPY_PHASE_STRIP = NO;
				DEBUG_INFORMATION_FORMAT = dwarf;
				ENABLE_STRICT_OBJC_MSGSEND = YES;
				ENABLE_TESTABILITY = YES;
				GCC_C_LANGUAGE_STANDARD = gnu99;
				GCC_DYNAMIC_NO_PIC = NO;
				GCC_NO_COMMON_BLOCKS = YES;
				GCC_OPTIMIZATION_LEVEL = 0;
				GCC_PREPROCESSOR_DEFINITIONS = (
					"DEBUG=1",
					"$(inherited)",
				);
				GCC_WARN_64_TO_32_BIT_CONVERSION = YES;
				GCC_WARN_ABOUT_RETURN_TYPE = YES_ERROR;
				GCC_WARN_UNDECLARED_SELECTOR = YES;
				GCC_WARN_UNINITIALIZED_AUTOS = YES_AGGRESSIVE;
				GCC_WARN_UNUSED_FUNCTION = YES;
				GCC_WARN_UNUSED_VARIABLE = YES;
				MACOSX_DEPLOYMENT_TARGET = 10.10;
				MTL_ENABLE_DEBUG_INFO = YES;
				ONLY_ACTIVE_ARCH = YES;
				SDKROOT = macosx;
				SWIFT_OPTIMIZATION_LEVEL = "-Onone";
			};
			name = Debug;
		};
		42ACFB641B74584300047C56 /* Release */ = {
			isa = XCBuildConfiguration;
			buildSettings = {
				ALWAYS_SEARCH_USER_PATHS = NO;
				CLANG_CXX_LANGUAGE_STANDARD = "gnu++0x";
				CLANG_CXX_LIBRARY = "libc++";
				CLANG_ENABLE_MODULES = YES;
				CLANG_ENABLE_OBJC_ARC = YES;
				CLANG_WARN_BOOL_CONVERSION = YES;
				CLANG_WARN_CONSTANT_CONVERSION = YES;
				CLANG_WARN_DIRECT_OBJC_ISA_USAGE = YES_ERROR;
				CLANG_WARN_EMPTY_BODY = YES;
				CLANG_WARN_ENUM_CONVERSION = YES;
				CLANG_WARN_INT_CONVERSION = YES;
				CLANG_WARN_OBJC_ROOT_CLASS = YES_ERROR;
				CLANG_WARN_UNREACHABLE_CODE = YES;
				CLANG_WARN__DUPLICATE_METHOD_MATCH = YES;
				CODE_SIGN_IDENTITY = "-";
				COPY_PHASE_STRIP = NO;
				DEBUG_INFORMATION_FORMAT = "dwarf-with-dsym";
				ENABLE_NS_ASSERTIONS = NO;
				ENABLE_STRICT_OBJC_MSGSEND = YES;
				GCC_C_LANGUAGE_STANDARD = gnu99;
				GCC_NO_COMMON_BLOCKS = YES;
				GCC_WARN_64_TO_32_BIT_CONVERSION = YES;
				GCC_WARN_ABOUT_RETURN_TYPE = YES_ERROR;
				GCC_WARN_UNDECLARED_SELECTOR = YES;
				GCC_WARN_UNINITIALIZED_AUTOS = YES_AGGRESSIVE;
				GCC_WARN_UNUSED_FUNCTION = YES;
				GCC_WARN_UNUSED_VARIABLE = YES;
				MACOSX_DEPLOYMENT_TARGET = 10.10;
				MTL_ENABLE_DEBUG_INFO = NO;
				SDKROOT = macosx;
			};
			name = Release;
		};
		42ACFB661B74584300047C56 /* Debug */ = {
			isa = XCBuildConfiguration;
			buildSettings = {
				ASSETCATALOG_COMPILER_APPICON_NAME = AppIcon;
				COMBINE_HIDPI_IMAGES = YES;
				INFOPLIST_FILE = TuppersSelfReferentialFormula/Info.plist;
				LD_RUNPATH_SEARCH_PATHS = "$(inherited) @executable_path/../Frameworks";
				PRODUCT_BUNDLE_IDENTIFIER = com.cananito.TuppersSelfReferentialFormula;
				PRODUCT_NAME = "$(TARGET_NAME)";
				SWIFT_VERSION = 3.0;
			};
			name = Debug;
		};
		42ACFB671B74584300047C56 /* Release */ = {
			isa = XCBuildConfiguration;
			buildSettings = {
				ASSETCATALOG_COMPILER_APPICON_NAME = AppIcon;
				COMBINE_HIDPI_IMAGES = YES;
				INFOPLIST_FILE = TuppersSelfReferentialFormula/Info.plist;
				LD_RUNPATH_SEARCH_PATHS = "$(inherited) @executable_path/../Frameworks";
				PRODUCT_BUNDLE_IDENTIFIER = com.cananito.TuppersSelfReferentialFormula;
				PRODUCT_NAME = "$(TARGET_NAME)";
				SWIFT_VERSION = 3.0;
			};
			name = Release;
		};
/* End XCBuildConfiguration section */

/* Begin XCConfigurationList section */
		42ACFB511B74584300047C56 /* Build configuration list for PBXProject "TuppersSelfReferentialFormula" */ = {
			isa = XCConfigurationList;
			buildConfigurations = (
				42ACFB631B74584300047C56 /* Debug */,
				42ACFB641B74584300047C56 /* Release */,
			);
			defaultConfigurationIsVisible = 0;
			defaultConfigurationName = Release;
		};
		42ACFB651B74584300047C56 /* Build configuration list for PBXNativeTarget "TuppersSelfReferentialFormula" */ = {
			isa = XCConfigurationList;
			buildConfigurations = (
				42ACFB661B74584300047C56 /* Debug */,
				42ACFB671B74584300047C56 /* Release */,
			);
			defaultConfigurationIsVisible = 0;
			defaultConfigurationName = Release;
		};
/* End XCConfigurationList section */
	};
	rootObject = 42ACFB4E1B74584300047C56 /* Project object */;
}
