// !$*UTF8*$!
{
	archiveVersion = 1;
	classes = {
	};
	objectVersion = 46;
	objects = {

/* Begin PBXBuildFile section */
		42A8EB3C1BC3665000A7F8FB /* AppDelegate.swift in Sources */ = {isa = PBXBuildFile; fileRef = 42A8EB3B1BC3665000A7F8FB /* AppDelegate.swift */; };
		42A8EB3E1BC3665000A7F8FB /* ViewController.swift in Sources */ = {isa = PBXBuildFile; fileRef = 42A8EB3D1BC3665000A7F8FB /* ViewController.swift */; };
		42A8EB401BC3665000A7F8FB /* Assets.xcassets in Resources */ = {isa = PBXBuildFile; fileRef = 42A8EB3F1BC3665000A7F8FB /* Assets.xcassets */; };
		42A8EB431BC3665000A7F8FB /* Main.storyboard in Resources */ = {isa = PBXBuildFile; fileRef = 42A8EB411BC3665000A7F8FB /* Main.storyboard */; };
		42A8EB4B1BC3667F00A7F8FB /* StringPermutations.swift in Sources */ = {isa = PBXBuildFile; fileRef = 42A8EB4A1BC3667F00A7F8FB /* StringPermutations.swift */; settings = {ASSET_TAGS = (); }; };
/* End PBXBuildFile section */

/* Begin PBXFileReference section */
		42A8EB381BC3665000A7F8FB /* StringPermutations.app */ = {isa = PBXFileReference; explicitFileType = wrapper.application; includeInIndex = 0; path = StringPermutations.app; sourceTree = BUILT_PRODUCTS_DIR; };
		42A8EB3B1BC3665000A7F8FB /* AppDelegate.swift */ = {isa = PBXFileReference; lastKnownFileType = sourcecode.swift; path = AppDelegate.swift; sourceTree = "<group>"; };
		42A8EB3D1BC3665000A7F8FB /* ViewController.swift */ = {isa = PBXFileReference; lastKnownFileType = sourcecode.swift; path = ViewController.swift; sourceTree = "<group>"; };
		42A8EB3F1BC3665000A7F8FB /* Assets.xcassets */ = {isa = PBXFileReference; lastKnownFileType = folder.assetcatalog; path = Assets.xcassets; sourceTree = "<group>"; };
		42A8EB421BC3665000A7F8FB /* Base */ = {isa = PBXFileReference; lastKnownFileType = file.storyboard; name = Base; path = Base.lproj/Main.storyboard; sourceTree = "<group>"; };
		42A8EB441BC3665000A7F8FB /* Info.plist */ = {isa = PBXFileReference; lastKnownFileType = text.plist.xml; path = Info.plist; sourceTree = "<group>"; };
		42A8EB4A1BC3667F00A7F8FB /* StringPermutations.swift */ = {isa = PBXFileReference; fileEncoding = 4; lastKnownFileType = sourcecode.swift; path = StringPermutations.swift; sourceTree = "<group>"; };
/* End PBXFileReference section */

/* Begin PBXFrameworksBuildPhase section */
		42A8EB351BC3665000A7F8FB /* Frameworks */ = {
			isa = PBXFrameworksBuildPhase;
			buildActionMask = 2147483647;
			files = (
			);
			runOnlyForDeploymentPostprocessing = 0;
		};
/* End PBXFrameworksBuildPhase section */

/* Begin PBXGroup section */
		42A8EB2F1BC3665000A7F8FB = {
			isa = PBXGroup;
			children = (
				42A8EB3A1BC3665000A7F8FB /* StringPermutations */,
				42A8EB391BC3665000A7F8FB /* Products */,
			);
			sourceTree = "<group>";
		};
		42A8EB391BC3665000A7F8FB /* Products */ = {
			isa = PBXGroup;
			children = (
				42A8EB381BC3665000A7F8FB /* StringPermutations.app */,
			);
			name = Products;
			sourceTree = "<group>";
		};
		42A8EB3A1BC3665000A7F8FB /* StringPermutations */ = {
			isa = PBXGroup;
			children = (
				42A8EB3B1BC3665000A7F8FB /* AppDelegate.swift */,
				42A8EB3D1BC3665000A7F8FB /* ViewController.swift */,
				42A8EB4A1BC3667F00A7F8FB /* StringPermutations.swift */,
				42A8EB3F1BC3665000A7F8FB /* Assets.xcassets */,
				42A8EB411BC3665000A7F8FB /* Main.storyboard */,
				42A8EB441BC3665000A7F8FB /* Info.plist */,
			);
			path = StringPermutations;
			sourceTree = "<group>";
		};
/* End PBXGroup section */

/* Begin PBXNativeTarget section */
		42A8EB371BC3665000A7F8FB /* StringPermutations */ = {
			isa = PBXNativeTarget;
			buildConfigurationList = 42A8EB471BC3665000A7F8FB /* Build configuration list for PBXNativeTarget "StringPermutations" */;
			buildPhases = (
				42A8EB341BC3665000A7F8FB /* Sources */,
				42A8EB351BC3665000A7F8FB /* Frameworks */,
				42A8EB361BC3665000A7F8FB /* Resources */,
			);
			buildRules = (
			);
			dependencies = (
			);
			name = StringPermutations;
			productName = StringPermutations;
			productReference = 42A8EB381BC3665000A7F8FB /* StringPermutations.app */;
			productType = "com.apple.product-type.application";
		};
/* End PBXNativeTarget section */

/* Begin PBXProject section */
		42A8EB301BC3665000A7F8FB /* Project object */ = {
			isa = PBXProject;
			attributes = {
				LastUpgradeCheck = 0700;
				ORGANIZATIONNAME = "Rogelio Gudino";
				TargetAttributes = {
					42A8EB371BC3665000A7F8FB = {
						CreatedOnToolsVersion = 7.0;
					};
				};
			};
			buildConfigurationList = 42A8EB331BC3665000A7F8FB /* Build configuration list for PBXProject "StringPermutations" */;
			compatibilityVersion = "Xcode 3.2";
			developmentRegion = English;
			hasScannedForEncodings = 0;
			knownRegions = (
				en,
				Base,
			);
			mainGroup = 42A8EB2F1BC3665000A7F8FB;
			productRefGroup = 42A8EB391BC3665000A7F8FB /* Products */;
			projectDirPath = "";
			projectRoot = "";
			targets = (
				42A8EB371BC3665000A7F8FB /* StringPermutations */,
			);
		};
/* End PBXProject section */

/* Begin PBXResourcesBuildPhase section */
		42A8EB361BC3665000A7F8FB /* Resources */ = {
			isa = PBXResourcesBuildPhase;
			buildActionMask = 2147483647;
			files = (
				42A8EB401BC3665000A7F8FB /* Assets.xcassets in Resources */,
				42A8EB431BC3665000A7F8FB /* Main.storyboard in Resources */,
			);
			runOnlyForDeploymentPostprocessing = 0;
		};
/* End PBXResourcesBuildPhase section */

/* Begin PBXSourcesBuildPhase section */
		42A8EB341BC3665000A7F8FB /* Sources */ = {
			isa = PBXSourcesBuildPhase;
			buildActionMask = 2147483647;
			files = (
				42A8EB3E1BC3665000A7F8FB /* ViewController.swift in Sources */,
				42A8EB3C1BC3665000A7F8FB /* AppDelegate.swift in Sources */,
				42A8EB4B1BC3667F00A7F8FB /* StringPermutations.swift in Sources */,
			);
			runOnlyForDeploymentPostprocessing = 0;
		};
/* End PBXSourcesBuildPhase section */

/* Begin PBXVariantGroup section */
		42A8EB411BC3665000A7F8FB /* Main.storyboard */ = {
			isa = PBXVariantGroup;
			children = (
				42A8EB421BC3665000A7F8FB /* Base */,
			);
			name = Main.storyboard;
			sourceTree = "<group>";
		};
/* End PBXVariantGroup section */

/* Begin XCBuildConfiguration section */
		42A8EB451BC3665000A7F8FB /* Debug */ = {
			isa = XCBuildConfiguration;
			buildSettings = {
				ALWAYS_SEARCH_USER_PATHS = NO;
				CLANG_CXX_LANGUAGE_STANDARD = "gnu++0x";
				CLANG_CXX_LIBRARY = "libc++";
				CLANG_ENABLE_MODULES = YES;
				CLANG_ENABLE_OBJC_ARC = YES;
				CLANG_WARN_BOOL_CONVERSION = YES;
				CLANG_WARN_CONSTANT_CONVERSION = YES;
				CLANG_WARN_DIRECT_OBJC_ISA_USAGE = YES_ERROR;
				CLANG_WARN_EMPTY_BODY = YES;
				CLANG_WARN_ENUM_CONVERSION = YES;
				CLANG_WARN_INT_CONVERSION = YES;
				CLANG_WARN_OBJC_ROOT_CLASS = YES_ERROR;
				CLANG_WARN_UNREACHABLE_CODE = YES;
				CLANG_WARN__DUPLICATE_METHOD_MATCH = YES;
				CODE_SIGN_IDENTITY = "-";
				COPY_PHASE_STRIP = NO;
				DEBUG_INFORMATION_FORMAT = dwarf;
				ENABLE_STRICT_OBJC_MSGSEND = YES;
				ENABLE_TESTABILITY = YES;
				GCC_C_LANGUAGE_STANDARD = gnu99;
				GCC_DYNAMIC_NO_PIC = NO;
				GCC_NO_COMMON_BLOCKS = YES;
				GCC_OPTIMIZATION_LEVEL = 0;
				GCC_PREPROCESSOR_DEFINITIONS = (
					"DEBUG=1",
					"$(inherited)",
				);
				GCC_WARN_64_TO_32_BIT_CONVERSION = YES;
				GCC_WARN_ABOUT_RETURN_TYPE = YES_ERROR;
				GCC_WARN_UNDECLARED_SELECTOR = YES;
				GCC_WARN_UNINITIALIZED_AUTOS = YES_AGGRESSIVE;
				GCC_WARN_UNUSED_FUNCTION = YES;
				GCC_WARN_UNUSED_VARIABLE = YES;
				MACOSX_DEPLOYMENT_TARGET = 10.10;
				MTL_ENABLE_DEBUG_INFO = YES;
				ONLY_ACTIVE_ARCH = YES;
				SDKROOT = macosx;
				SWIFT_OPTIMIZATION_LEVEL = "-Onone";
			};
			name = Debug;
		};
		42A8EB461BC3665000A7F8FB /* Release */ = {
			isa = XCBuildConfiguration;
			buildSettings = {
				ALWAYS_SEARCH_USER_PATHS = NO;
				CLANG_CXX_LANGUAGE_STANDARD = "gnu++0x";
				CLANG_CXX_LIBRARY = "libc++";
				CLANG_ENABLE_MODULES = YES;
				CLANG_ENABLE_OBJC_ARC = YES;
				CLANG_WARN_BOOL_CONVERSION = YES;
				CLANG_WARN_CONSTANT_CONVERSION = YES;
				CLANG_WARN_DIRECT_OBJC_ISA_USAGE = YES_ERROR;
				CLANG_WARN_EMPTY_BODY = YES;
				CLANG_WARN_ENUM_CONVERSION = YES;
				CLANG_WARN_INT_CONVERSION = YES;
				CLANG_WARN_OBJC_ROOT_CLASS = YES_ERROR;
				CLANG_WARN_UNREACHABLE_CODE = YES;
				CLANG_WARN__DUPLICATE_METHOD_MATCH = YES;
				CODE_SIGN_IDENTITY = "-";
				COPY_PHASE_STRIP = NO;
				DEBUG_INFORMATION_FORMAT = "dwarf-with-dsym";
				ENABLE_NS_ASSERTIONS = NO;
				ENABLE_STRICT_OBJC_MSGSEND = YES;
				GCC_C_LANGUAGE_STANDARD = gnu99;
				GCC_NO_COMMON_BLOCKS = YES;
				GCC_WARN_64_TO_32_BIT_CONVERSION = YES;
				GCC_WARN_ABOUT_RETURN_TYPE = YES_ERROR;
				GCC_WARN_UNDECLARED_SELECTOR = YES;
				GCC_WARN_UNINITIALIZED_AUTOS = YES_AGGRESSIVE;
				GCC_WARN_UNUSED_FUNCTION = YES;
				GCC_WARN_UNUSED_VARIABLE = YES;
				MACOSX_DEPLOYMENT_TARGET = 10.10;
				MTL_ENABLE_DEBUG_INFO = NO;
				SDKROOT = macosx;
			};
			name = Release;
		};
		42A8EB481BC3665000A7F8FB /* Debug */ = {
			isa = XCBuildConfiguration;
			buildSettings = {
				ASSETCATALOG_COMPILER_APPICON_NAME = AppIcon;
				COMBINE_HIDPI_IMAGES = YES;
				INFOPLIST_FILE = StringPermutations/Info.plist;
				LD_RUNPATH_SEARCH_PATHS = "$(inherited) @executable_path/../Frameworks";
				PRODUCT_BUNDLE_IDENTIFIER = com.cananito.StringPermutations;
				PRODUCT_NAME = "$(TARGET_NAME)";
			};
			name = Debug;
		};
		42A8EB491BC3665000A7F8FB /* Release */ = {
			isa = XCBuildConfiguration;
			buildSettings = {
				ASSETCATALOG_COMPILER_APPICON_NAME = AppIcon;
				COMBINE_HIDPI_IMAGES = YES;
				INFOPLIST_FILE = StringPermutations/Info.plist;
				LD_RUNPATH_SEARCH_PATHS = "$(inherited) @executable_path/../Frameworks";
				PRODUCT_BUNDLE_IDENTIFIER = com.cananito.StringPermutations;
				PRODUCT_NAME = "$(TARGET_NAME)";
			};
			name = Release;
		};
/* End XCBuildConfiguration section */

/* Begin XCConfigurationList section */
		42A8EB331BC3665000A7F8FB /* Build configuration list for PBXProject "StringPermutations" */ = {
			isa = XCConfigurationList;
			buildConfigurations = (
				42A8EB451BC3665000A7F8FB /* Debug */,
				42A8EB461BC3665000A7F8FB /* Release */,
			);
			defaultConfigurationIsVisible = 0;
			defaultConfigurationName = Release;
		};
		42A8EB471BC3665000A7F8FB /* Build configuration list for PBXNativeTarget "StringPermutations" */ = {
			isa = XCConfigurationList;
			buildConfigurations = (
				42A8EB481BC3665000A7F8FB /* Debug */,
				42A8EB491BC3665000A7F8FB /* Release */,
			);
			defaultConfigurationIsVisible = 0;
		};
/* End XCConfigurationList section */
	};
	rootObject = 42A8EB301BC3665000A7F8FB /* Project object */;
}
